
Microsoft Visual Studio Solution File, Format Version 12.00
# Visual Studio Version 17
VisualStudioVersion = 17.14.36310.24 d17.14
MinimumVisualStudioVersion = 10.0.40219.1
Project("{FAE04EC0-301F-11D3-BF4B-00C04F79EFBC}") = "ShadowEx", "ShadowEx\ShadowEx.csproj", "{81EC0746-67FC-4A41-BE7B-521C2942D920}"
EndProject
Global
	GlobalSection(SolutionConfigurationPlatforms) = preSolution
		Debug|Any CPU = Debug|Any CPU
		Release|Any CPU = Release|Any CPU
	EndGlobalSection
	GlobalSection(ProjectConfigurationPlatforms) = postSolution
		{81EC0746-67FC-4A41-BE7B-521C2942D920}.Debug|Any CPU.ActiveCfg = Debug|Any CPU
		{81EC0746-67FC-4A41-BE7B-521C2942D920}.Debug|Any CPU.Build.0 = Debug|Any CPU
		{81EC0746-67FC-4A41-BE7B-521C2942D920}.Release|Any CPU.ActiveCfg = Release|Any CPU
		{81EC0746-67FC-4A41-BE7B-521C2942D920}.Release|Any CPU.Build.0 = Release|Any CPU
	EndGlobalSection
	GlobalSection(SolutionProperties) = preSolution
		HideSolutionNode = FALSE
	EndGlobalSection
	GlobalSection(ExtensibilityGlobals) = postSolution
		SolutionGuid = {D40457BF-6A9C-4996-AE9D-60644BB279C4}
	EndGlobalSection
EndGlobal
