
Microsoft Visual Studio Solution File, Format Version 12.00
# Visual Studio Version 17
VisualStudioVersion = 17.14.36310.24 d17.14
MinimumVisualStudioVersion = 10.0.40219.1
Project("{FAE04EC0-301F-11D3-BF4B-00C04F79EFBC}") = "OopsExample", "OopsExample\OopsExample.csproj", "{D49D1F75-3737-49B8-9662-C74AD80C6B9C}"
EndProject
Global
	GlobalSection(SolutionConfigurationPlatforms) = preSolution
		Debug|Any CPU = Debug|Any CPU
		Release|Any CPU = Release|Any CPU
	EndGlobalSection
	GlobalSection(ProjectConfigurationPlatforms) = postSolution
		{D49D1F75-3737-49B8-9662-C74AD80C6B9C}.Debug|Any CPU.ActiveCfg = Debug|Any CPU
		{D49D1F75-3737-49B8-9662-C74AD80C6B9C}.Debug|Any CPU.Build.0 = Debug|Any CPU
		{D49D1F75-3737-49B8-9662-C74AD80C6B9C}.Release|Any CPU.ActiveCfg = Release|Any CPU
		{D49D1F75-3737-49B8-9662-C74AD80C6B9C}.Release|Any CPU.Build.0 = Release|Any CPU
	EndGlobalSection
	GlobalSection(SolutionProperties) = preSolution
		HideSolutionNode = FALSE
	EndGlobalSection
	GlobalSection(ExtensibilityGlobals) = postSolution
		SolutionGuid = {5B05EECF-5EB0-4807-8FF8-CFFF13D1320E}
	EndGlobalSection
EndGlobal
