
Microsoft Visual Studio Solution File, Format Version 12.00
# Visual Studio Version 17
VisualStudioVersion = 17.14.36327.8 d17.14
MinimumVisualStudioVersion = 10.0.40219.1
Project("{FAE04EC0-301F-11D3-BF4B-00C04F79EFBC}") = "MvcDemoCore", "MvcDemoCore\MvcDemoCore.csproj", "{A7C79373-C30B-4F99-AB95-F5B6BCD8C3BC}"
EndProject
Global
	GlobalSection(SolutionConfigurationPlatforms) = preSolution
		Debug|Any CPU = Debug|Any CPU
		Release|Any CPU = Release|Any CPU
	EndGlobalSection
	GlobalSection(ProjectConfigurationPlatforms) = postSolution
		{A7C79373-C30B-4F99-AB95-F5B6BCD8C3BC}.Debug|Any CPU.ActiveCfg = Debug|Any CPU
		{A7C79373-C30B-4F99-AB95-F5B6BCD8C3BC}.Debug|Any CPU.Build.0 = Debug|Any CPU
		{A7C79373-C30B-4F99-AB95-F5B6BCD8C3BC}.Release|Any CPU.ActiveCfg = Release|Any CPU
		{A7C79373-C30B-4F99-AB95-F5B6BCD8C3BC}.Release|Any CPU.Build.0 = Release|Any CPU
	EndGlobalSection
	GlobalSection(SolutionProperties) = preSolution
		HideSolutionNode = FALSE
	EndGlobalSection
	GlobalSection(ExtensibilityGlobals) = postSolution
		SolutionGuid = {0DA23E5A-93CC-412A-B5EA-1BB7785FC3F1}
	EndGlobalSection
EndGlobal
